
Microsoft Visual Studio Solution File, Format Version 12.00
# Visual Studio 15
VisualStudioVersion = 15.0.28010.2046
MinimumVisualStudioVersion = 10.0.40219.1
Project("{FAE04EC0-301F-11D3-BF4B-00C04F79EFBC}") = "Sales.Android", "Sales\Sales.Android\Sales.Android.csproj", "{46B89A45-59BB-45FE-B4F8-875E653A2440}"
EndProject
Project("{FAE04EC0-301F-11D3-BF4B-00C04F79EFBC}") = "Sales.iOS", "Sales\Sales.iOS\Sales.iOS.csproj", "{15BBABB5-17A3-428D-ACB4-308146C49C7C}"
EndProject
Project("{FAE04EC0-301F-11D3-BF4B-00C04F79EFBC}") = "Sales.UWP", "Sales\Sales.UWP\Sales.UWP.csproj", "{5CD44E72-5939-44A3-B4BC-290A81138BFE}"
EndProject
Project("{9A19103F-16F7-4668-BE54-9A1E7A4F7556}") = "Sales", "Sales\Sales\Sales.csproj", "{EC368256-5B60-4074-8562-F0A4BA07CD6B}"
EndProject
Project("{FAE04EC0-301F-11D3-BF4B-00C04F79EFBC}") = "Sales.API", "Sales.API\Sales.API.csproj", "{C7EC8783-553B-4C31-A96C-ADF2C0AF311B}"
EndProject
Project("{FAE04EC0-301F-11D3-BF4B-00C04F79EFBC}") = "Sales.Domain", "Sales.Domain\Sales.Domain.csproj", "{F9A2D052-15A6-416E-976B-81C154663541}"
EndProject
Project("{FAE04EC0-301F-11D3-BF4B-00C04F79EFBC}") = "Sales.Common", "Sales.Common\Sales.Common.csproj", "{72937497-A06F-4DFE-98C5-64835EB560EE}"
EndProject
Project("{FAE04EC0-301F-11D3-BF4B-00C04F79EFBC}") = "Sales.BackEnd", "Sales.BackEnd\Sales.BackEnd.csproj", "{09DCFFC5-556E-4DE4-9B20-018C4AB51FE6}"
EndProject
Global
	GlobalSection(SolutionConfigurationPlatforms) = preSolution
		Ad-Hoc|Any CPU = Ad-Hoc|Any CPU
		Ad-Hoc|ARM = Ad-Hoc|ARM
		Ad-Hoc|iPhone = Ad-Hoc|iPhone
		Ad-Hoc|iPhoneSimulator = Ad-Hoc|iPhoneSimulator
		Ad-Hoc|x64 = Ad-Hoc|x64
		Ad-Hoc|x86 = Ad-Hoc|x86
		AppStore|Any CPU = AppStore|Any CPU
		AppStore|ARM = AppStore|ARM
		AppStore|iPhone = AppStore|iPhone
		AppStore|iPhoneSimulator = AppStore|iPhoneSimulator
		AppStore|x64 = AppStore|x64
		AppStore|x86 = AppStore|x86
		Debug|Any CPU = Debug|Any CPU
		Debug|ARM = Debug|ARM
		Debug|iPhone = Debug|iPhone
		Debug|iPhoneSimulator = Debug|iPhoneSimulator
		Debug|x64 = Debug|x64
		Debug|x86 = Debug|x86
		Release|Any CPU = Release|Any CPU
		Release|ARM = Release|ARM
		Release|iPhone = Release|iPhone
		Release|iPhoneSimulator = Release|iPhoneSimulator
		Release|x64 = Release|x64
		Release|x86 = Release|x86
	EndGlobalSection
	GlobalSection(ProjectConfigurationPlatforms) = postSolution
		{46B89A45-59BB-45FE-B4F8-875E653A2440}.Ad-Hoc|Any CPU.ActiveCfg = Release|Any CPU
		{46B89A45-59BB-45FE-B4F8-875E653A2440}.Ad-Hoc|Any CPU.Build.0 = Release|Any CPU
		{46B89A45-59BB-45FE-B4F8-875E653A2440}.Ad-Hoc|Any CPU.Deploy.0 = Release|Any CPU
		{46B89A45-59BB-45FE-B4F8-875E653A2440}.Ad-Hoc|ARM.ActiveCfg = Release|Any CPU
		{46B89A45-59BB-45FE-B4F8-875E653A2440}.Ad-Hoc|ARM.Build.0 = Release|Any CPU
		{46B89A45-59BB-45FE-B4F8-875E653A2440}.Ad-Hoc|ARM.Deploy.0 = Release|Any CPU
		{46B89A45-59BB-45FE-B4F8-875E653A2440}.Ad-Hoc|iPhone.ActiveCfg = Release|Any CPU
		{46B89A45-59BB-45FE-B4F8-875E653A2440}.Ad-Hoc|iPhone.Build.0 = Release|Any CPU
		{46B89A45-59BB-45FE-B4F8-875E653A2440}.Ad-Hoc|iPhone.Deploy.0 = Release|Any CPU
		{46B89A45-59BB-45FE-B4F8-875E653A2440}.Ad-Hoc|iPhoneSimulator.ActiveCfg = Release|Any CPU
		{46B89A45-59BB-45FE-B4F8-875E653A2440}.Ad-Hoc|iPhoneSimulator.Build.0 = Release|Any CPU
		{46B89A45-59BB-45FE-B4F8-875E653A2440}.Ad-Hoc|iPhoneSimulator.Deploy.0 = Release|Any CPU
		{46B89A45-59BB-45FE-B4F8-875E653A2440}.Ad-Hoc|x64.ActiveCfg = Release|Any CPU
		{46B89A45-59BB-45FE-B4F8-875E653A2440}.Ad-Hoc|x64.Build.0 = Release|Any CPU
		{46B89A45-59BB-45FE-B4F8-875E653A2440}.Ad-Hoc|x64.Deploy.0 = Release|Any CPU
		{46B89A45-59BB-45FE-B4F8-875E653A2440}.Ad-Hoc|x86.ActiveCfg = Release|Any CPU
		{46B89A45-59BB-45FE-B4F8-875E653A2440}.Ad-Hoc|x86.Build.0 = Release|Any CPU
		{46B89A45-59BB-45FE-B4F8-875E653A2440}.Ad-Hoc|x86.Deploy.0 = Release|Any CPU
		{46B89A45-59BB-45FE-B4F8-875E653A2440}.AppStore|Any CPU.ActiveCfg = Release|Any CPU
		{46B89A45-59BB-45FE-B4F8-875E653A2440}.AppStore|Any CPU.Build.0 = Release|Any CPU
		{46B89A45-59BB-45FE-B4F8-875E653A2440}.AppStore|Any CPU.Deploy.0 = Release|Any CPU
		{46B89A45-59BB-45FE-B4F8-875E653A2440}.AppStore|ARM.ActiveCfg = Release|Any CPU
		{46B89A45-59BB-45FE-B4F8-875E653A2440}.AppStore|ARM.Build.0 = Release|Any CPU
		{46B89A45-59BB-45FE-B4F8-875E653A2440}.AppStore|ARM.Deploy.0 = Release|Any CPU
		{46B89A45-59BB-45FE-B4F8-875E653A2440}.AppStore|iPhone.ActiveCfg = Release|Any CPU
		{46B89A45-59BB-45FE-B4F8-875E653A2440}.AppStore|iPhone.Build.0 = Release|Any CPU
		{46B89A45-59BB-45FE-B4F8-875E653A2440}.AppStore|iPhone.Deploy.0 = Release|Any CPU
		{46B89A45-59BB-45FE-B4F8-875E653A2440}.AppStore|iPhoneSimulator.ActiveCfg = Release|Any CPU
		{46B89A45-59BB-45FE-B4F8-875E653A2440}.AppStore|iPhoneSimulator.Build.0 = Release|Any CPU
		{46B89A45-59BB-45FE-B4F8-875E653A2440}.AppStore|iPhoneSimulator.Deploy.0 = Release|Any CPU
		{46B89A45-59BB-45FE-B4F8-875E653A2440}.AppStore|x64.ActiveCfg = Release|Any CPU
		{46B89A45-59BB-45FE-B4F8-875E653A2440}.AppStore|x64.Build.0 = Release|Any CPU
		{46B89A45-59BB-45FE-B4F8-875E653A2440}.AppStore|x64.Deploy.0 = Release|Any CPU
		{46B89A45-59BB-45FE-B4F8-875E653A2440}.AppStore|x86.ActiveCfg = Release|Any CPU
		{46B89A45-59BB-45FE-B4F8-875E653A2440}.AppStore|x86.Build.0 = Release|Any CPU
		{46B89A45-59BB-45FE-B4F8-875E653A2440}.AppStore|x86.Deploy.0 = Release|Any CPU
		{46B89A45-59BB-45FE-B4F8-875E653A2440}.Debug|Any CPU.ActiveCfg = Debug|Any CPU
		{46B89A45-59BB-45FE-B4F8-875E653A2440}.Debug|Any CPU.Build.0 = Debug|Any CPU
		{46B89A45-59BB-45FE-B4F8-875E653A2440}.Debug|Any CPU.Deploy.0 = Debug|Any CPU
		{46B89A45-59BB-45FE-B4F8-875E653A2440}.Debug|ARM.ActiveCfg = Debug|Any CPU
		{46B89A45-59BB-45FE-B4F8-875E653A2440}.Debug|ARM.Build.0 = Debug|Any CPU
		{46B89A45-59BB-45FE-B4F8-875E653A2440}.Debug|ARM.Deploy.0 = Debug|Any CPU
		{46B89A45-59BB-45FE-B4F8-875E653A2440}.Debug|iPhone.ActiveCfg = Debug|Any CPU
		{46B89A45-59BB-45FE-B4F8-875E653A2440}.Debug|iPhone.Build.0 = Debug|Any CPU
		{46B89A45-59BB-45FE-B4F8-875E653A2440}.Debug|iPhone.Deploy.0 = Debug|Any CPU
		{46B89A45-59BB-45FE-B4F8-875E653A2440}.Debug|iPhoneSimulator.ActiveCfg = Debug|Any CPU
		{46B89A45-59BB-45FE-B4F8-875E653A2440}.Debug|iPhoneSimulator.Build.0 = Debug|Any CPU
		{46B89A45-59BB-45FE-B4F8-875E653A2440}.Debug|iPhoneSimulator.Deploy.0 = Debug|Any CPU
		{46B89A45-59BB-45FE-B4F8-875E653A2440}.Debug|x64.ActiveCfg = Debug|Any CPU
		{46B89A45-59BB-45FE-B4F8-875E653A2440}.Debug|x64.Build.0 = Debug|Any CPU
		{46B89A45-59BB-45FE-B4F8-875E653A2440}.Debug|x64.Deploy.0 = Debug|Any CPU
		{46B89A45-59BB-45FE-B4F8-875E653A2440}.Debug|x86.ActiveCfg = Debug|Any CPU
		{46B89A45-59BB-45FE-B4F8-875E653A2440}.Debug|x86.Build.0 = Debug|Any CPU
		{46B89A45-59BB-45FE-B4F8-875E653A2440}.Debug|x86.Deploy.0 = Debug|Any CPU
		{46B89A45-59BB-45FE-B4F8-875E653A2440}.Release|Any CPU.ActiveCfg = Release|Any CPU
		{46B89A45-59BB-45FE-B4F8-875E653A2440}.Release|Any CPU.Build.0 = Release|Any CPU
		{46B89A45-59BB-45FE-B4F8-875E653A2440}.Release|Any CPU.Deploy.0 = Release|Any CPU
		{46B89A45-59BB-45FE-B4F8-875E653A2440}.Release|ARM.ActiveCfg = Release|Any CPU
		{46B89A45-59BB-45FE-B4F8-875E653A2440}.Release|ARM.Build.0 = Release|Any CPU
		{46B89A45-59BB-45FE-B4F8-875E653A2440}.Release|ARM.Deploy.0 = Release|Any CPU
		{46B89A45-59BB-45FE-B4F8-875E653A2440}.Release|iPhone.ActiveCfg = Release|Any CPU
		{46B89A45-59BB-45FE-B4F8-875E653A2440}.Release|iPhone.Build.0 = Release|Any CPU
		{46B89A45-59BB-45FE-B4F8-875E653A2440}.Release|iPhone.Deploy.0 = Release|Any CPU
		{46B89A45-59BB-45FE-B4F8-875E653A2440}.Release|iPhoneSimulator.ActiveCfg = Release|Any CPU
		{46B89A45-59BB-45FE-B4F8-875E653A2440}.Release|iPhoneSimulator.Build.0 = Release|Any CPU
		{46B89A45-59BB-45FE-B4F8-875E653A2440}.Release|iPhoneSimulator.Deploy.0 = Release|Any CPU
		{46B89A45-59BB-45FE-B4F8-875E653A2440}.Release|x64.ActiveCfg = Release|Any CPU
		{46B89A45-59BB-45FE-B4F8-875E653A2440}.Release|x64.Build.0 = Release|Any CPU
		{46B89A45-59BB-45FE-B4F8-875E653A2440}.Release|x64.Deploy.0 = Release|Any CPU
		{46B89A45-59BB-45FE-B4F8-875E653A2440}.Release|x86.ActiveCfg = Release|Any CPU
		{46B89A45-59BB-45FE-B4F8-875E653A2440}.Release|x86.Build.0 = Release|Any CPU
		{46B89A45-59BB-45FE-B4F8-875E653A2440}.Release|x86.Deploy.0 = Release|Any CPU
		{15BBABB5-17A3-428D-ACB4-308146C49C7C}.Ad-Hoc|Any CPU.ActiveCfg = Ad-Hoc|iPhone
		{15BBABB5-17A3-428D-ACB4-308146C49C7C}.Ad-Hoc|Any CPU.Build.0 = Ad-Hoc|iPhone
		{15BBABB5-17A3-428D-ACB4-308146C49C7C}.Ad-Hoc|Any CPU.Deploy.0 = Ad-Hoc|iPhone
		{15BBABB5-17A3-428D-ACB4-308146C49C7C}.Ad-Hoc|ARM.ActiveCfg = Ad-Hoc|iPhone
		{15BBABB5-17A3-428D-ACB4-308146C49C7C}.Ad-Hoc|ARM.Build.0 = Ad-Hoc|iPhone
		{15BBABB5-17A3-428D-ACB4-308146C49C7C}.Ad-Hoc|ARM.Deploy.0 = Ad-Hoc|iPhone
		{15BBABB5-17A3-428D-ACB4-308146C49C7C}.Ad-Hoc|iPhone.ActiveCfg = Ad-Hoc|iPhone
		{15BBABB5-17A3-428D-ACB4-308146C49C7C}.Ad-Hoc|iPhone.Build.0 = Ad-Hoc|iPhone
		{15BBABB5-17A3-428D-ACB4-308146C49C7C}.Ad-Hoc|iPhone.Deploy.0 = Ad-Hoc|iPhone
		{15BBABB5-17A3-428D-ACB4-308146C49C7C}.Ad-Hoc|iPhoneSimulator.ActiveCfg = Ad-Hoc|iPhoneSimulator
		{15BBABB5-17A3-428D-ACB4-308146C49C7C}.Ad-Hoc|iPhoneSimulator.Build.0 = Ad-Hoc|iPhoneSimulator
		{15BBABB5-17A3-428D-ACB4-308146C49C7C}.Ad-Hoc|iPhoneSimulator.Deploy.0 = Ad-Hoc|iPhoneSimulator
		{15BBABB5-17A3-428D-ACB4-308146C49C7C}.Ad-Hoc|x64.ActiveCfg = Ad-Hoc|iPhone
		{15BBABB5-17A3-428D-ACB4-308146C49C7C}.Ad-Hoc|x64.Build.0 = Ad-Hoc|iPhone
		{15BBABB5-17A3-428D-ACB4-308146C49C7C}.Ad-Hoc|x64.Deploy.0 = Ad-Hoc|iPhone
		{15BBABB5-17A3-428D-ACB4-308146C49C7C}.Ad-Hoc|x86.ActiveCfg = Ad-Hoc|iPhone
		{15BBABB5-17A3-428D-ACB4-308146C49C7C}.Ad-Hoc|x86.Build.0 = Ad-Hoc|iPhone
		{15BBABB5-17A3-428D-ACB4-308146C49C7C}.Ad-Hoc|x86.Deploy.0 = Ad-Hoc|iPhone
		{15BBABB5-17A3-428D-ACB4-308146C49C7C}.AppStore|Any CPU.ActiveCfg = AppStore|iPhone
		{15BBABB5-17A3-428D-ACB4-308146C49C7C}.AppStore|Any CPU.Build.0 = AppStore|iPhone
		{15BBABB5-17A3-428D-ACB4-308146C49C7C}.AppStore|Any CPU.Deploy.0 = AppStore|iPhone
		{15BBABB5-17A3-428D-ACB4-308146C49C7C}.AppStore|ARM.ActiveCfg = AppStore|iPhone
		{15BBABB5-17A3-428D-ACB4-308146C49C7C}.AppStore|ARM.Build.0 = AppStore|iPhone
		{15BBABB5-17A3-428D-ACB4-308146C49C7C}.AppStore|ARM.Deploy.0 = AppStore|iPhone
		{15BBABB5-17A3-428D-ACB4-308146C49C7C}.AppStore|iPhone.ActiveCfg = AppStore|iPhone
		{15BBABB5-17A3-428D-ACB4-308146C49C7C}.AppStore|iPhone.Build.0 = AppStore|iPhone
		{15BBABB5-17A3-428D-ACB4-308146C49C7C}.AppStore|iPhone.Deploy.0 = AppStore|iPhone
		{15BBABB5-17A3-428D-ACB4-308146C49C7C}.AppStore|iPhoneSimulator.ActiveCfg = AppStore|iPhoneSimulator
		{15BBABB5-17A3-428D-ACB4-308146C49C7C}.AppStore|iPhoneSimulator.Build.0 = AppStore|iPhoneSimulator
		{15BBABB5-17A3-428D-ACB4-308146C49C7C}.AppStore|iPhoneSimulator.Deploy.0 = AppStore|iPhoneSimulator
		{15BBABB5-17A3-428D-ACB4-308146C49C7C}.AppStore|x64.ActiveCfg = AppStore|iPhone
		{15BBABB5-17A3-428D-ACB4-308146C49C7C}.AppStore|x64.Build.0 = AppStore|iPhone
		{15BBABB5-17A3-428D-ACB4-308146C49C7C}.AppStore|x64.Deploy.0 = AppStore|iPhone
		{15BBABB5-17A3-428D-ACB4-308146C49C7C}.AppStore|x86.ActiveCfg = AppStore|iPhone
		{15BBABB5-17A3-428D-ACB4-308146C49C7C}.AppStore|x86.Build.0 = AppStore|iPhone
		{15BBABB5-17A3-428D-ACB4-308146C49C7C}.AppStore|x86.Deploy.0 = AppStore|iPhone
		{15BBABB5-17A3-428D-ACB4-308146C49C7C}.Debug|Any CPU.ActiveCfg = Debug|iPhoneSimulator
		{15BBABB5-17A3-428D-ACB4-308146C49C7C}.Debug|Any CPU.Build.0 = Debug|iPhoneSimulator
		{15BBABB5-17A3-428D-ACB4-308146C49C7C}.Debug|Any CPU.Deploy.0 = Debug|iPhoneSimulator
		{15BBABB5-17A3-428D-ACB4-308146C49C7C}.Debug|ARM.ActiveCfg = Debug|iPhone
		{15BBABB5-17A3-428D-ACB4-308146C49C7C}.Debug|ARM.Build.0 = Debug|iPhone
		{15BBABB5-17A3-428D-ACB4-308146C49C7C}.Debug|ARM.Deploy.0 = Debug|iPhone
		{15BBABB5-17A3-428D-ACB4-308146C49C7C}.Debug|iPhone.ActiveCfg = Debug|iPhone
		{15BBABB5-17A3-428D-ACB4-308146C49C7C}.Debug|iPhone.Build.0 = Debug|iPhone
		{15BBABB5-17A3-428D-ACB4-308146C49C7C}.Debug|iPhone.Deploy.0 = Debug|iPhone
		{15BBABB5-17A3-428D-ACB4-308146C49C7C}.Debug|iPhoneSimulator.ActiveCfg = Debug|iPhoneSimulator
		{15BBABB5-17A3-428D-ACB4-308146C49C7C}.Debug|iPhoneSimulator.Build.0 = Debug|iPhoneSimulator
		{15BBABB5-17A3-428D-ACB4-308146C49C7C}.Debug|iPhoneSimulator.Deploy.0 = Debug|iPhoneSimulator
		{15BBABB5-17A3-428D-ACB4-308146C49C7C}.Debug|x64.ActiveCfg = Debug|iPhone
		{15BBABB5-17A3-428D-ACB4-308146C49C7C}.Debug|x64.Build.0 = Debug|iPhone
		{15BBABB5-17A3-428D-ACB4-308146C49C7C}.Debug|x64.Deploy.0 = Debug|iPhone
		{15BBABB5-17A3-428D-ACB4-308146C49C7C}.Debug|x86.ActiveCfg = Debug|iPhone
		{15BBABB5-17A3-428D-ACB4-308146C49C7C}.Debug|x86.Build.0 = Debug|iPhone
		{15BBABB5-17A3-428D-ACB4-308146C49C7C}.Debug|x86.Deploy.0 = Debug|iPhone
		{15BBABB5-17A3-428D-ACB4-308146C49C7C}.Release|Any CPU.ActiveCfg = Release|iPhone
		{15BBABB5-17A3-428D-ACB4-308146C49C7C}.Release|Any CPU.Build.0 = Release|iPhone
		{15BBABB5-17A3-428D-ACB4-308146C49C7C}.Release|Any CPU.Deploy.0 = Release|iPhone
		{15BBABB5-17A3-428D-ACB4-308146C49C7C}.Release|ARM.ActiveCfg = Release|iPhone
		{15BBABB5-17A3-428D-ACB4-308146C49C7C}.Release|ARM.Build.0 = Release|iPhone
		{15BBABB5-17A3-428D-ACB4-308146C49C7C}.Release|ARM.Deploy.0 = Release|iPhone
		{15BBABB5-17A3-428D-ACB4-308146C49C7C}.Release|iPhone.ActiveCfg = Release|iPhone
		{15BBABB5-17A3-428D-ACB4-308146C49C7C}.Release|iPhone.Build.0 = Release|iPhone
		{15BBABB5-17A3-428D-ACB4-308146C49C7C}.Release|iPhone.Deploy.0 = Release|iPhone
		{15BBABB5-17A3-428D-ACB4-308146C49C7C}.Release|iPhoneSimulator.ActiveCfg = Release|iPhoneSimulator
		{15BBABB5-17A3-428D-ACB4-308146C49C7C}.Release|iPhoneSimulator.Build.0 = Release|iPhoneSimulator
		{15BBABB5-17A3-428D-ACB4-308146C49C7C}.Release|iPhoneSimulator.Deploy.0 = Release|iPhoneSimulator
		{15BBABB5-17A3-428D-ACB4-308146C49C7C}.Release|x64.ActiveCfg = Release|iPhone
		{15BBABB5-17A3-428D-ACB4-308146C49C7C}.Release|x64.Build.0 = Release|iPhone
		{15BBABB5-17A3-428D-ACB4-308146C49C7C}.Release|x64.Deploy.0 = Release|iPhone
		{15BBABB5-17A3-428D-ACB4-308146C49C7C}.Release|x86.ActiveCfg = Release|iPhone
		{15BBABB5-17A3-428D-ACB4-308146C49C7C}.Release|x86.Build.0 = Release|iPhone
		{15BBABB5-17A3-428D-ACB4-308146C49C7C}.Release|x86.Deploy.0 = Release|iPhone
		{5CD44E72-5939-44A3-B4BC-290A81138BFE}.Ad-Hoc|Any CPU.ActiveCfg = Release|x86
		{5CD44E72-5939-44A3-B4BC-290A81138BFE}.Ad-Hoc|Any CPU.Build.0 = Release|x86
		{5CD44E72-5939-44A3-B4BC-290A81138BFE}.Ad-Hoc|Any CPU.Deploy.0 = Release|x86
		{5CD44E72-5939-44A3-B4BC-290A81138BFE}.Ad-Hoc|ARM.ActiveCfg = Release|ARM
		{5CD44E72-5939-44A3-B4BC-290A81138BFE}.Ad-Hoc|ARM.Build.0 = Release|ARM
		{5CD44E72-5939-44A3-B4BC-290A81138BFE}.Ad-Hoc|ARM.Deploy.0 = Release|ARM
		{5CD44E72-5939-44A3-B4BC-290A81138BFE}.Ad-Hoc|iPhone.ActiveCfg = Release|x86
		{5CD44E72-5939-44A3-B4BC-290A81138BFE}.Ad-Hoc|iPhone.Build.0 = Release|x86
		{5CD44E72-5939-44A3-B4BC-290A81138BFE}.Ad-Hoc|iPhone.Deploy.0 = Release|x86
		{5CD44E72-5939-44A3-B4BC-290A81138BFE}.Ad-Hoc|iPhoneSimulator.ActiveCfg = Release|x86
		{5CD44E72-5939-44A3-B4BC-290A81138BFE}.Ad-Hoc|iPhoneSimulator.Build.0 = Release|x86
		{5CD44E72-5939-44A3-B4BC-290A81138BFE}.Ad-Hoc|iPhoneSimulator.Deploy.0 = Release|x86
		{5CD44E72-5939-44A3-B4BC-290A81138BFE}.Ad-Hoc|x64.ActiveCfg = Release|x64
		{5CD44E72-5939-44A3-B4BC-290A81138BFE}.Ad-Hoc|x64.Build.0 = Release|x64
		{5CD44E72-5939-44A3-B4BC-290A81138BFE}.Ad-Hoc|x64.Deploy.0 = Release|x64
		{5CD44E72-5939-44A3-B4BC-290A81138BFE}.Ad-Hoc|x86.ActiveCfg = Release|x86
		{5CD44E72-5939-44A3-B4BC-290A81138BFE}.Ad-Hoc|x86.Build.0 = Release|x86
		{5CD44E72-5939-44A3-B4BC-290A81138BFE}.Ad-Hoc|x86.Deploy.0 = Release|x86
		{5CD44E72-5939-44A3-B4BC-290A81138BFE}.AppStore|Any CPU.ActiveCfg = Release|x86
		{5CD44E72-5939-44A3-B4BC-290A81138BFE}.AppStore|Any CPU.Build.0 = Release|x86
		{5CD44E72-5939-44A3-B4BC-290A81138BFE}.AppStore|Any CPU.Deploy.0 = Release|x86
		{5CD44E72-5939-44A3-B4BC-290A81138BFE}.AppStore|ARM.ActiveCfg = Release|ARM
		{5CD44E72-5939-44A3-B4BC-290A81138BFE}.AppStore|ARM.Build.0 = Release|ARM
		{5CD44E72-5939-44A3-B4BC-290A81138BFE}.AppStore|ARM.Deploy.0 = Release|ARM
		{5CD44E72-5939-44A3-B4BC-290A81138BFE}.AppStore|iPhone.ActiveCfg = Release|x86
		{5CD44E72-5939-44A3-B4BC-290A81138BFE}.AppStore|iPhone.Build.0 = Release|x86
		{5CD44E72-5939-44A3-B4BC-290A81138BFE}.AppStore|iPhone.Deploy.0 = Release|x86
		{5CD44E72-5939-44A3-B4BC-290A81138BFE}.AppStore|iPhoneSimulator.ActiveCfg = Release|x86
		{5CD44E72-5939-44A3-B4BC-290A81138BFE}.AppStore|iPhoneSimulator.Build.0 = Release|x86
		{5CD44E72-5939-44A3-B4BC-290A81138BFE}.AppStore|iPhoneSimulator.Deploy.0 = Release|x86
		{5CD44E72-5939-44A3-B4BC-290A81138BFE}.AppStore|x64.ActiveCfg = Release|x64
		{5CD44E72-5939-44A3-B4BC-290A81138BFE}.AppStore|x64.Build.0 = Release|x64
		{5CD44E72-5939-44A3-B4BC-290A81138BFE}.AppStore|x64.Deploy.0 = Release|x64
		{5CD44E72-5939-44A3-B4BC-290A81138BFE}.AppStore|x86.ActiveCfg = Release|x86
		{5CD44E72-5939-44A3-B4BC-290A81138BFE}.AppStore|x86.Build.0 = Release|x86
		{5CD44E72-5939-44A3-B4BC-290A81138BFE}.AppStore|x86.Deploy.0 = Release|x86
		{5CD44E72-5939-44A3-B4BC-290A81138BFE}.Debug|Any CPU.ActiveCfg = Debug|x86
		{5CD44E72-5939-44A3-B4BC-290A81138BFE}.Debug|Any CPU.Build.0 = Debug|x86
		{5CD44E72-5939-44A3-B4BC-290A81138BFE}.Debug|Any CPU.Deploy.0 = Debug|x86
		{5CD44E72-5939-44A3-B4BC-290A81138BFE}.Debug|ARM.ActiveCfg = Debug|ARM
		{5CD44E72-5939-44A3-B4BC-290A81138BFE}.Debug|ARM.Build.0 = Debug|ARM
		{5CD44E72-5939-44A3-B4BC-290A81138BFE}.Debug|ARM.Deploy.0 = Debug|ARM
		{5CD44E72-5939-44A3-B4BC-290A81138BFE}.Debug|iPhone.ActiveCfg = Debug|x86
		{5CD44E72-5939-44A3-B4BC-290A81138BFE}.Debug|iPhone.Build.0 = Debug|x86
		{5CD44E72-5939-44A3-B4BC-290A81138BFE}.Debug|iPhone.Deploy.0 = Debug|x86
		{5CD44E72-5939-44A3-B4BC-290A81138BFE}.Debug|iPhoneSimulator.ActiveCfg = Debug|x86
		{5CD44E72-5939-44A3-B4BC-290A81138BFE}.Debug|iPhoneSimulator.Build.0 = Debug|x86
		{5CD44E72-5939-44A3-B4BC-290A81138BFE}.Debug|iPhoneSimulator.Deploy.0 = Debug|x86
		{5CD44E72-5939-44A3-B4BC-290A81138BFE}.Debug|x64.ActiveCfg = Debug|x64
		{5CD44E72-5939-44A3-B4BC-290A81138BFE}.Debug|x64.Build.0 = Debug|x64
		{5CD44E72-5939-44A3-B4BC-290A81138BFE}.Debug|x64.Deploy.0 = Debug|x64
		{5CD44E72-5939-44A3-B4BC-290A81138BFE}.Debug|x86.ActiveCfg = Debug|x86
		{5CD44E72-5939-44A3-B4BC-290A81138BFE}.Debug|x86.Build.0 = Debug|x86
		{5CD44E72-5939-44A3-B4BC-290A81138BFE}.Debug|x86.Deploy.0 = Debug|x86
		{5CD44E72-5939-44A3-B4BC-290A81138BFE}.Release|Any CPU.ActiveCfg = Release|x86
		{5CD44E72-5939-44A3-B4BC-290A81138BFE}.Release|Any CPU.Build.0 = Release|x86
		{5CD44E72-5939-44A3-B4BC-290A81138BFE}.Release|Any CPU.Deploy.0 = Release|x86
		{5CD44E72-5939-44A3-B4BC-290A81138BFE}.Release|ARM.ActiveCfg = Release|ARM
		{5CD44E72-5939-44A3-B4BC-290A81138BFE}.Release|ARM.Build.0 = Release|ARM
		{5CD44E72-5939-44A3-B4BC-290A81138BFE}.Release|ARM.Deploy.0 = Release|ARM
		{5CD44E72-5939-44A3-B4BC-290A81138BFE}.Release|iPhone.ActiveCfg = Release|x86
		{5CD44E72-5939-44A3-B4BC-290A81138BFE}.Release|iPhone.Build.0 = Release|x86
		{5CD44E72-5939-44A3-B4BC-290A81138BFE}.Release|iPhone.Deploy.0 = Release|x86
		{5CD44E72-5939-44A3-B4BC-290A81138BFE}.Release|iPhoneSimulator.ActiveCfg = Release|x86
		{5CD44E72-5939-44A3-B4BC-290A81138BFE}.Release|iPhoneSimulator.Build.0 = Release|x86
		{5CD44E72-5939-44A3-B4BC-290A81138BFE}.Release|iPhoneSimulator.Deploy.0 = Release|x86
		{5CD44E72-5939-44A3-B4BC-290A81138BFE}.Release|x64.ActiveCfg = Release|x64
		{5CD44E72-5939-44A3-B4BC-290A81138BFE}.Release|x64.Build.0 = Release|x64
		{5CD44E72-5939-44A3-B4BC-290A81138BFE}.Release|x64.Deploy.0 = Release|x64
		{5CD44E72-5939-44A3-B4BC-290A81138BFE}.Release|x86.ActiveCfg = Release|x86
		{5CD44E72-5939-44A3-B4BC-290A81138BFE}.Release|x86.Build.0 = Release|x86
		{5CD44E72-5939-44A3-B4BC-290A81138BFE}.Release|x86.Deploy.0 = Release|x86
		{EC368256-5B60-4074-8562-F0A4BA07CD6B}.Ad-Hoc|Any CPU.ActiveCfg = Debug|Any CPU
		{EC368256-5B60-4074-8562-F0A4BA07CD6B}.Ad-Hoc|Any CPU.Build.0 = Debug|Any CPU
		{EC368256-5B60-4074-8562-F0A4BA07CD6B}.Ad-Hoc|Any CPU.Deploy.0 = Debug|Any CPU
		{EC368256-5B60-4074-8562-F0A4BA07CD6B}.Ad-Hoc|ARM.ActiveCfg = Debug|Any CPU
		{EC368256-5B60-4074-8562-F0A4BA07CD6B}.Ad-Hoc|ARM.Build.0 = Debug|Any CPU
		{EC368256-5B60-4074-8562-F0A4BA07CD6B}.Ad-Hoc|ARM.Deploy.0 = Debug|Any CPU
		{EC368256-5B60-4074-8562-F0A4BA07CD6B}.Ad-Hoc|iPhone.ActiveCfg = Debug|Any CPU
		{EC368256-5B60-4074-8562-F0A4BA07CD6B}.Ad-Hoc|iPhone.Build.0 = Debug|Any CPU
		{EC368256-5B60-4074-8562-F0A4BA07CD6B}.Ad-Hoc|iPhone.Deploy.0 = Debug|Any CPU
		{EC368256-5B60-4074-8562-F0A4BA07CD6B}.Ad-Hoc|iPhoneSimulator.ActiveCfg = Debug|Any CPU
		{EC368256-5B60-4074-8562-F0A4BA07CD6B}.Ad-Hoc|iPhoneSimulator.Build.0 = Debug|Any CPU
		{EC368256-5B60-4074-8562-F0A4BA07CD6B}.Ad-Hoc|iPhoneSimulator.Deploy.0 = Debug|Any CPU
		{EC368256-5B60-4074-8562-F0A4BA07CD6B}.Ad-Hoc|x64.ActiveCfg = Debug|Any CPU
		{EC368256-5B60-4074-8562-F0A4BA07CD6B}.Ad-Hoc|x64.Build.0 = Debug|Any CPU
		{EC368256-5B60-4074-8562-F0A4BA07CD6B}.Ad-Hoc|x64.Deploy.0 = Debug|Any CPU
		{EC368256-5B60-4074-8562-F0A4BA07CD6B}.Ad-Hoc|x86.ActiveCfg = Debug|Any CPU
		{EC368256-5B60-4074-8562-F0A4BA07CD6B}.Ad-Hoc|x86.Build.0 = Debug|Any CPU
		{EC368256-5B60-4074-8562-F0A4BA07CD6B}.Ad-Hoc|x86.Deploy.0 = Debug|Any CPU
		{EC368256-5B60-4074-8562-F0A4BA07CD6B}.AppStore|Any CPU.ActiveCfg = Debug|Any CPU
		{EC368256-5B60-4074-8562-F0A4BA07CD6B}.AppStore|Any CPU.Build.0 = Debug|Any CPU
		{EC368256-5B60-4074-8562-F0A4BA07CD6B}.AppStore|Any CPU.Deploy.0 = Debug|Any CPU
		{EC368256-5B60-4074-8562-F0A4BA07CD6B}.AppStore|ARM.ActiveCfg = Debug|Any CPU
		{EC368256-5B60-4074-8562-F0A4BA07CD6B}.AppStore|ARM.Build.0 = Debug|Any CPU
		{EC368256-5B60-4074-8562-F0A4BA07CD6B}.AppStore|ARM.Deploy.0 = Debug|Any CPU
		{EC368256-5B60-4074-8562-F0A4BA07CD6B}.AppStore|iPhone.ActiveCfg = Debug|Any CPU
		{EC368256-5B60-4074-8562-F0A4BA07CD6B}.AppStore|iPhone.Build.0 = Debug|Any CPU
		{EC368256-5B60-4074-8562-F0A4BA07CD6B}.AppStore|iPhone.Deploy.0 = Debug|Any CPU
		{EC368256-5B60-4074-8562-F0A4BA07CD6B}.AppStore|iPhoneSimulator.ActiveCfg = Debug|Any CPU
		{EC368256-5B60-4074-8562-F0A4BA07CD6B}.AppStore|iPhoneSimulator.Build.0 = Debug|Any CPU
		{EC368256-5B60-4074-8562-F0A4BA07CD6B}.AppStore|iPhoneSimulator.Deploy.0 = Debug|Any CPU
		{EC368256-5B60-4074-8562-F0A4BA07CD6B}.AppStore|x64.ActiveCfg = Debug|Any CPU
		{EC368256-5B60-4074-8562-F0A4BA07CD6B}.AppStore|x64.Build.0 = Debug|Any CPU
		{EC368256-5B60-4074-8562-F0A4BA07CD6B}.AppStore|x64.Deploy.0 = Debug|Any CPU
		{EC368256-5B60-4074-8562-F0A4BA07CD6B}.AppStore|x86.ActiveCfg = Debug|Any CPU
		{EC368256-5B60-4074-8562-F0A4BA07CD6B}.AppStore|x86.Build.0 = Debug|Any CPU
		{EC368256-5B60-4074-8562-F0A4BA07CD6B}.AppStore|x86.Deploy.0 = Debug|Any CPU
		{EC368256-5B60-4074-8562-F0A4BA07CD6B}.Debug|Any CPU.ActiveCfg = Debug|Any CPU
		{EC368256-5B60-4074-8562-F0A4BA07CD6B}.Debug|Any CPU.Build.0 = Debug|Any CPU
		{EC368256-5B60-4074-8562-F0A4BA07CD6B}.Debug|Any CPU.Deploy.0 = Debug|Any CPU
		{EC368256-5B60-4074-8562-F0A4BA07CD6B}.Debug|ARM.ActiveCfg = Debug|Any CPU
		{EC368256-5B60-4074-8562-F0A4BA07CD6B}.Debug|ARM.Build.0 = Debug|Any CPU
		{EC368256-5B60-4074-8562-F0A4BA07CD6B}.Debug|ARM.Deploy.0 = Debug|Any CPU
		{EC368256-5B60-4074-8562-F0A4BA07CD6B}.Debug|iPhone.ActiveCfg = Debug|Any CPU
		{EC368256-5B60-4074-8562-F0A4BA07CD6B}.Debug|iPhone.Build.0 = Debug|Any CPU
		{EC368256-5B60-4074-8562-F0A4BA07CD6B}.Debug|iPhone.Deploy.0 = Debug|Any CPU
		{EC368256-5B60-4074-8562-F0A4BA07CD6B}.Debug|iPhoneSimulator.ActiveCfg = Debug|Any CPU
		{EC368256-5B60-4074-8562-F0A4BA07CD6B}.Debug|iPhoneSimulator.Build.0 = Debug|Any CPU
		{EC368256-5B60-4074-8562-F0A4BA07CD6B}.Debug|iPhoneSimulator.Deploy.0 = Debug|Any CPU
		{EC368256-5B60-4074-8562-F0A4BA07CD6B}.Debug|x64.ActiveCfg = Debug|Any CPU
		{EC368256-5B60-4074-8562-F0A4BA07CD6B}.Debug|x64.Build.0 = Debug|Any CPU
		{EC368256-5B60-4074-8562-F0A4BA07CD6B}.Debug|x64.Deploy.0 = Debug|Any CPU
		{EC368256-5B60-4074-8562-F0A4BA07CD6B}.Debug|x86.ActiveCfg = Debug|Any CPU
		{EC368256-5B60-4074-8562-F0A4BA07CD6B}.Debug|x86.Build.0 = Debug|Any CPU
		{EC368256-5B60-4074-8562-F0A4BA07CD6B}.Debug|x86.Deploy.0 = Debug|Any CPU
		{EC368256-5B60-4074-8562-F0A4BA07CD6B}.Release|Any CPU.ActiveCfg = Release|Any CPU
		{EC368256-5B60-4074-8562-F0A4BA07CD6B}.Release|Any CPU.Build.0 = Release|Any CPU
		{EC368256-5B60-4074-8562-F0A4BA07CD6B}.Release|Any CPU.Deploy.0 = Release|Any CPU
		{EC368256-5B60-4074-8562-F0A4BA07CD6B}.Release|ARM.ActiveCfg = Release|Any CPU
		{EC368256-5B60-4074-8562-F0A4BA07CD6B}.Release|ARM.Build.0 = Release|Any CPU
		{EC368256-5B60-4074-8562-F0A4BA07CD6B}.Release|ARM.Deploy.0 = Release|Any CPU
		{EC368256-5B60-4074-8562-F0A4BA07CD6B}.Release|iPhone.ActiveCfg = Release|Any CPU
		{EC368256-5B60-4074-8562-F0A4BA07CD6B}.Release|iPhone.Build.0 = Release|Any CPU
		{EC368256-5B60-4074-8562-F0A4BA07CD6B}.Release|iPhone.Deploy.0 = Release|Any CPU
		{EC368256-5B60-4074-8562-F0A4BA07CD6B}.Release|iPhoneSimulator.ActiveCfg = Release|Any CPU
		{EC368256-5B60-4074-8562-F0A4BA07CD6B}.Release|iPhoneSimulator.Build.0 = Release|Any CPU
		{EC368256-5B60-4074-8562-F0A4BA07CD6B}.Release|iPhoneSimulator.Deploy.0 = Release|Any CPU
		{EC368256-5B60-4074-8562-F0A4BA07CD6B}.Release|x64.ActiveCfg = Release|Any CPU
		{EC368256-5B60-4074-8562-F0A4BA07CD6B}.Release|x64.Build.0 = Release|Any CPU
		{EC368256-5B60-4074-8562-F0A4BA07CD6B}.Release|x64.Deploy.0 = Release|Any CPU
		{EC368256-5B60-4074-8562-F0A4BA07CD6B}.Release|x86.ActiveCfg = Release|Any CPU
		{EC368256-5B60-4074-8562-F0A4BA07CD6B}.Release|x86.Build.0 = Release|Any CPU
		{EC368256-5B60-4074-8562-F0A4BA07CD6B}.Release|x86.Deploy.0 = Release|Any CPU
		{C7EC8783-553B-4C31-A96C-ADF2C0AF311B}.Ad-Hoc|Any CPU.ActiveCfg = Release|Any CPU
		{C7EC8783-553B-4C31-A96C-ADF2C0AF311B}.Ad-Hoc|Any CPU.Build.0 = Release|Any CPU
		{C7EC8783-553B-4C31-A96C-ADF2C0AF311B}.Ad-Hoc|ARM.ActiveCfg = Release|Any CPU
		{C7EC8783-553B-4C31-A96C-ADF2C0AF311B}.Ad-Hoc|ARM.Build.0 = Release|Any CPU
		{C7EC8783-553B-4C31-A96C-ADF2C0AF311B}.Ad-Hoc|iPhone.ActiveCfg = Release|Any CPU
		{C7EC8783-553B-4C31-A96C-ADF2C0AF311B}.Ad-Hoc|iPhone.Build.0 = Release|Any CPU
		{C7EC8783-553B-4C31-A96C-ADF2C0AF311B}.Ad-Hoc|iPhoneSimulator.ActiveCfg = Release|Any CPU
		{C7EC8783-553B-4C31-A96C-ADF2C0AF311B}.Ad-Hoc|iPhoneSimulator.Build.0 = Release|Any CPU
		{C7EC8783-553B-4C31-A96C-ADF2C0AF311B}.Ad-Hoc|x64.ActiveCfg = Release|Any CPU
		{C7EC8783-553B-4C31-A96C-ADF2C0AF311B}.Ad-Hoc|x64.Build.0 = Release|Any CPU
		{C7EC8783-553B-4C31-A96C-ADF2C0AF311B}.Ad-Hoc|x86.ActiveCfg = Release|Any CPU
		{C7EC8783-553B-4C31-A96C-ADF2C0AF311B}.Ad-Hoc|x86.Build.0 = Release|Any CPU
		{C7EC8783-553B-4C31-A96C-ADF2C0AF311B}.AppStore|Any CPU.ActiveCfg = Release|Any CPU
		{C7EC8783-553B-4C31-A96C-ADF2C0AF311B}.AppStore|Any CPU.Build.0 = Release|Any CPU
		{C7EC8783-553B-4C31-A96C-ADF2C0AF311B}.AppStore|ARM.ActiveCfg = Release|Any CPU
		{C7EC8783-553B-4C31-A96C-ADF2C0AF311B}.AppStore|ARM.Build.0 = Release|Any CPU
		{C7EC8783-553B-4C31-A96C-ADF2C0AF311B}.AppStore|iPhone.ActiveCfg = Release|Any CPU
		{C7EC8783-553B-4C31-A96C-ADF2C0AF311B}.AppStore|iPhone.Build.0 = Release|Any CPU
		{C7EC8783-553B-4C31-A96C-ADF2C0AF311B}.AppStore|iPhoneSimulator.ActiveCfg = Release|Any CPU
		{C7EC8783-553B-4C31-A96C-ADF2C0AF311B}.AppStore|iPhoneSimulator.Build.0 = Release|Any CPU
		{C7EC8783-553B-4C31-A96C-ADF2C0AF311B}.AppStore|x64.ActiveCfg = Release|Any CPU
		{C7EC8783-553B-4C31-A96C-ADF2C0AF311B}.AppStore|x64.Build.0 = Release|Any CPU
		{C7EC8783-553B-4C31-A96C-ADF2C0AF311B}.AppStore|x86.ActiveCfg = Release|Any CPU
		{C7EC8783-553B-4C31-A96C-ADF2C0AF311B}.AppStore|x86.Build.0 = Release|Any CPU
		{C7EC8783-553B-4C31-A96C-ADF2C0AF311B}.Debug|Any CPU.ActiveCfg = Debug|Any CPU
		{C7EC8783-553B-4C31-A96C-ADF2C0AF311B}.Debug|Any CPU.Build.0 = Debug|Any CPU
		{C7EC8783-553B-4C31-A96C-ADF2C0AF311B}.Debug|ARM.ActiveCfg = Debug|Any CPU
		{C7EC8783-553B-4C31-A96C-ADF2C0AF311B}.Debug|ARM.Build.0 = Debug|Any CPU
		{C7EC8783-553B-4C31-A96C-ADF2C0AF311B}.Debug|iPhone.ActiveCfg = Debug|Any CPU
		{C7EC8783-553B-4C31-A96C-ADF2C0AF311B}.Debug|iPhone.Build.0 = Debug|Any CPU
		{C7EC8783-553B-4C31-A96C-ADF2C0AF311B}.Debug|iPhoneSimulator.ActiveCfg = Debug|Any CPU
		{C7EC8783-553B-4C31-A96C-ADF2C0AF311B}.Debug|iPhoneSimulator.Build.0 = Debug|Any CPU
		{C7EC8783-553B-4C31-A96C-ADF2C0AF311B}.Debug|x64.ActiveCfg = Debug|Any CPU
		{C7EC8783-553B-4C31-A96C-ADF2C0AF311B}.Debug|x64.Build.0 = Debug|Any CPU
		{C7EC8783-553B-4C31-A96C-ADF2C0AF311B}.Debug|x86.ActiveCfg = Debug|Any CPU
		{C7EC8783-553B-4C31-A96C-ADF2C0AF311B}.Debug|x86.Build.0 = Debug|Any CPU
		{C7EC8783-553B-4C31-A96C-ADF2C0AF311B}.Release|Any CPU.ActiveCfg = Release|Any CPU
		{C7EC8783-553B-4C31-A96C-ADF2C0AF311B}.Release|Any CPU.Build.0 = Release|Any CPU
		{C7EC8783-553B-4C31-A96C-ADF2C0AF311B}.Release|ARM.ActiveCfg = Release|Any CPU
		{C7EC8783-553B-4C31-A96C-ADF2C0AF311B}.Release|ARM.Build.0 = Release|Any CPU
		{C7EC8783-553B-4C31-A96C-ADF2C0AF311B}.Release|iPhone.ActiveCfg = Release|Any CPU
		{C7EC8783-553B-4C31-A96C-ADF2C0AF311B}.Release|iPhone.Build.0 = Release|Any CPU
		{C7EC8783-553B-4C31-A96C-ADF2C0AF311B}.Release|iPhoneSimulator.ActiveCfg = Release|Any CPU
		{C7EC8783-553B-4C31-A96C-ADF2C0AF311B}.Release|iPhoneSimulator.Build.0 = Release|Any CPU
		{C7EC8783-553B-4C31-A96C-ADF2C0AF311B}.Release|x64.ActiveCfg = Release|Any CPU
		{C7EC8783-553B-4C31-A96C-ADF2C0AF311B}.Release|x64.Build.0 = Release|Any CPU
		{C7EC8783-553B-4C31-A96C-ADF2C0AF311B}.Release|x86.ActiveCfg = Release|Any CPU
		{C7EC8783-553B-4C31-A96C-ADF2C0AF311B}.Release|x86.Build.0 = Release|Any CPU
		{F9A2D052-15A6-416E-976B-81C154663541}.Ad-Hoc|Any CPU.ActiveCfg = Release|Any CPU
		{F9A2D052-15A6-416E-976B-81C154663541}.Ad-Hoc|Any CPU.Build.0 = Release|Any CPU
		{F9A2D052-15A6-416E-976B-81C154663541}.Ad-Hoc|ARM.ActiveCfg = Release|Any CPU
		{F9A2D052-15A6-416E-976B-81C154663541}.Ad-Hoc|ARM.Build.0 = Release|Any CPU
		{F9A2D052-15A6-416E-976B-81C154663541}.Ad-Hoc|iPhone.ActiveCfg = Release|Any CPU
		{F9A2D052-15A6-416E-976B-81C154663541}.Ad-Hoc|iPhone.Build.0 = Release|Any CPU
		{F9A2D052-15A6-416E-976B-81C154663541}.Ad-Hoc|iPhoneSimulator.ActiveCfg = Release|Any CPU
		{F9A2D052-15A6-416E-976B-81C154663541}.Ad-Hoc|iPhoneSimulator.Build.0 = Release|Any CPU
		{F9A2D052-15A6-416E-976B-81C154663541}.Ad-Hoc|x64.ActiveCfg = Release|Any CPU
		{F9A2D052-15A6-416E-976B-81C154663541}.Ad-Hoc|x64.Build.0 = Release|Any CPU
		{F9A2D052-15A6-416E-976B-81C154663541}.Ad-Hoc|x86.ActiveCfg = Release|Any CPU
		{F9A2D052-15A6-416E-976B-81C154663541}.Ad-Hoc|x86.Build.0 = Release|Any CPU
		{F9A2D052-15A6-416E-976B-81C154663541}.AppStore|Any CPU.ActiveCfg = Release|Any CPU
		{F9A2D052-15A6-416E-976B-81C154663541}.AppStore|Any CPU.Build.0 = Release|Any CPU
		{F9A2D052-15A6-416E-976B-81C154663541}.AppStore|ARM.ActiveCfg = Release|Any CPU
		{F9A2D052-15A6-416E-976B-81C154663541}.AppStore|ARM.Build.0 = Release|Any CPU
		{F9A2D052-15A6-416E-976B-81C154663541}.AppStore|iPhone.ActiveCfg = Release|Any CPU
		{F9A2D052-15A6-416E-976B-81C154663541}.AppStore|iPhone.Build.0 = Release|Any CPU
		{F9A2D052-15A6-416E-976B-81C154663541}.AppStore|iPhoneSimulator.ActiveCfg = Release|Any CPU
		{F9A2D052-15A6-416E-976B-81C154663541}.AppStore|iPhoneSimulator.Build.0 = Release|Any CPU
		{F9A2D052-15A6-416E-976B-81C154663541}.AppStore|x64.ActiveCfg = Release|Any CPU
		{F9A2D052-15A6-416E-976B-81C154663541}.AppStore|x64.Build.0 = Release|Any CPU
		{F9A2D052-15A6-416E-976B-81C154663541}.AppStore|x86.ActiveCfg = Release|Any CPU
		{F9A2D052-15A6-416E-976B-81C154663541}.AppStore|x86.Build.0 = Release|Any CPU
		{F9A2D052-15A6-416E-976B-81C154663541}.Debug|Any CPU.ActiveCfg = Debug|Any CPU
		{F9A2D052-15A6-416E-976B-81C154663541}.Debug|Any CPU.Build.0 = Debug|Any CPU
		{F9A2D052-15A6-416E-976B-81C154663541}.Debug|ARM.ActiveCfg = Debug|Any CPU
		{F9A2D052-15A6-416E-976B-81C154663541}.Debug|ARM.Build.0 = Debug|Any CPU
		{F9A2D052-15A6-416E-976B-81C154663541}.Debug|iPhone.ActiveCfg = Debug|Any CPU
		{F9A2D052-15A6-416E-976B-81C154663541}.Debug|iPhone.Build.0 = Debug|Any CPU
		{F9A2D052-15A6-416E-976B-81C154663541}.Debug|iPhoneSimulator.ActiveCfg = Debug|Any CPU
		{F9A2D052-15A6-416E-976B-81C154663541}.Debug|iPhoneSimulator.Build.0 = Debug|Any CPU
		{F9A2D052-15A6-416E-976B-81C154663541}.Debug|x64.ActiveCfg = Debug|Any CPU
		{F9A2D052-15A6-416E-976B-81C154663541}.Debug|x64.Build.0 = Debug|Any CPU
		{F9A2D052-15A6-416E-976B-81C154663541}.Debug|x86.ActiveCfg = Debug|Any CPU
		{F9A2D052-15A6-416E-976B-81C154663541}.Debug|x86.Build.0 = Debug|Any CPU
		{F9A2D052-15A6-416E-976B-81C154663541}.Release|Any CPU.ActiveCfg = Release|Any CPU
		{F9A2D052-15A6-416E-976B-81C154663541}.Release|Any CPU.Build.0 = Release|Any CPU
		{F9A2D052-15A6-416E-976B-81C154663541}.Release|ARM.ActiveCfg = Release|Any CPU
		{F9A2D052-15A6-416E-976B-81C154663541}.Release|ARM.Build.0 = Release|Any CPU
		{F9A2D052-15A6-416E-976B-81C154663541}.Release|iPhone.ActiveCfg = Release|Any CPU
		{F9A2D052-15A6-416E-976B-81C154663541}.Release|iPhone.Build.0 = Release|Any CPU
		{F9A2D052-15A6-416E-976B-81C154663541}.Release|iPhoneSimulator.ActiveCfg = Release|Any CPU
		{F9A2D052-15A6-416E-976B-81C154663541}.Release|iPhoneSimulator.Build.0 = Release|Any CPU
		{F9A2D052-15A6-416E-976B-81C154663541}.Release|x64.ActiveCfg = Release|Any CPU
		{F9A2D052-15A6-416E-976B-81C154663541}.Release|x64.Build.0 = Release|Any CPU
		{F9A2D052-15A6-416E-976B-81C154663541}.Release|x86.ActiveCfg = Release|Any CPU
		{F9A2D052-15A6-416E-976B-81C154663541}.Release|x86.Build.0 = Release|Any CPU
		{72937497-A06F-4DFE-98C5-64835EB560EE}.Ad-Hoc|Any CPU.ActiveCfg = Release|Any CPU
		{72937497-A06F-4DFE-98C5-64835EB560EE}.Ad-Hoc|Any CPU.Build.0 = Release|Any CPU
		{72937497-A06F-4DFE-98C5-64835EB560EE}.Ad-Hoc|ARM.ActiveCfg = Release|Any CPU
		{72937497-A06F-4DFE-98C5-64835EB560EE}.Ad-Hoc|ARM.Build.0 = Release|Any CPU
		{72937497-A06F-4DFE-98C5-64835EB560EE}.Ad-Hoc|iPhone.ActiveCfg = Release|Any CPU
		{72937497-A06F-4DFE-98C5-64835EB560EE}.Ad-Hoc|iPhone.Build.0 = Release|Any CPU
		{72937497-A06F-4DFE-98C5-64835EB560EE}.Ad-Hoc|iPhoneSimulator.ActiveCfg = Release|Any CPU
		{72937497-A06F-4DFE-98C5-64835EB560EE}.Ad-Hoc|iPhoneSimulator.Build.0 = Release|Any CPU
		{72937497-A06F-4DFE-98C5-64835EB560EE}.Ad-Hoc|x64.ActiveCfg = Release|Any CPU
		{72937497-A06F-4DFE-98C5-64835EB560EE}.Ad-Hoc|x64.Build.0 = Release|Any CPU
		{72937497-A06F-4DFE-98C5-64835EB560EE}.Ad-Hoc|x86.ActiveCfg = Release|Any CPU
		{72937497-A06F-4DFE-98C5-64835EB560EE}.Ad-Hoc|x86.Build.0 = Release|Any CPU
		{72937497-A06F-4DFE-98C5-64835EB560EE}.AppStore|Any CPU.ActiveCfg = Release|Any CPU
		{72937497-A06F-4DFE-98C5-64835EB560EE}.AppStore|Any CPU.Build.0 = Release|Any CPU
		{72937497-A06F-4DFE-98C5-64835EB560EE}.AppStore|ARM.ActiveCfg = Release|Any CPU
		{72937497-A06F-4DFE-98C5-64835EB560EE}.AppStore|ARM.Build.0 = Release|Any CPU
		{72937497-A06F-4DFE-98C5-64835EB560EE}.AppStore|iPhone.ActiveCfg = Release|Any CPU
		{72937497-A06F-4DFE-98C5-64835EB560EE}.AppStore|iPhone.Build.0 = Release|Any CPU
		{72937497-A06F-4DFE-98C5-64835EB560EE}.AppStore|iPhoneSimulator.ActiveCfg = Release|Any CPU
		{72937497-A06F-4DFE-98C5-64835EB560EE}.AppStore|iPhoneSimulator.Build.0 = Release|Any CPU
		{72937497-A06F-4DFE-98C5-64835EB560EE}.AppStore|x64.ActiveCfg = Release|Any CPU
		{72937497-A06F-4DFE-98C5-64835EB560EE}.AppStore|x64.Build.0 = Release|Any CPU
		{72937497-A06F-4DFE-98C5-64835EB560EE}.AppStore|x86.ActiveCfg = Release|Any CPU
		{72937497-A06F-4DFE-98C5-64835EB560EE}.AppStore|x86.Build.0 = Release|Any CPU
		{72937497-A06F-4DFE-98C5-64835EB560EE}.Debug|Any CPU.ActiveCfg = Debug|Any CPU
		{72937497-A06F-4DFE-98C5-64835EB560EE}.Debug|Any CPU.Build.0 = Debug|Any CPU
		{72937497-A06F-4DFE-98C5-64835EB560EE}.Debug|ARM.ActiveCfg = Debug|Any CPU
		{72937497-A06F-4DFE-98C5-64835EB560EE}.Debug|ARM.Build.0 = Debug|Any CPU
		{72937497-A06F-4DFE-98C5-64835EB560EE}.Debug|iPhone.ActiveCfg = Debug|Any CPU
		{72937497-A06F-4DFE-98C5-64835EB560EE}.Debug|iPhone.Build.0 = Debug|Any CPU
		{72937497-A06F-4DFE-98C5-64835EB560EE}.Debug|iPhoneSimulator.ActiveCfg = Debug|Any CPU
		{72937497-A06F-4DFE-98C5-64835EB560EE}.Debug|iPhoneSimulator.Build.0 = Debug|Any CPU
		{72937497-A06F-4DFE-98C5-64835EB560EE}.Debug|x64.ActiveCfg = Debug|Any CPU
		{72937497-A06F-4DFE-98C5-64835EB560EE}.Debug|x64.Build.0 = Debug|Any CPU
		{72937497-A06F-4DFE-98C5-64835EB560EE}.Debug|x86.ActiveCfg = Debug|Any CPU
		{72937497-A06F-4DFE-98C5-64835EB560EE}.Debug|x86.Build.0 = Debug|Any CPU
		{72937497-A06F-4DFE-98C5-64835EB560EE}.Release|Any CPU.ActiveCfg = Release|Any CPU
		{72937497-A06F-4DFE-98C5-64835EB560EE}.Release|Any CPU.Build.0 = Release|Any CPU
		{72937497-A06F-4DFE-98C5-64835EB560EE}.Release|ARM.ActiveCfg = Release|Any CPU
		{72937497-A06F-4DFE-98C5-64835EB560EE}.Release|ARM.Build.0 = Release|Any CPU
		{72937497-A06F-4DFE-98C5-64835EB560EE}.Release|iPhone.ActiveCfg = Release|Any CPU
		{72937497-A06F-4DFE-98C5-64835EB560EE}.Release|iPhone.Build.0 = Release|Any CPU
		{72937497-A06F-4DFE-98C5-64835EB560EE}.Release|iPhoneSimulator.ActiveCfg = Release|Any CPU
		{72937497-A06F-4DFE-98C5-64835EB560EE}.Release|iPhoneSimulator.Build.0 = Release|Any CPU
		{72937497-A06F-4DFE-98C5-64835EB560EE}.Release|x64.ActiveCfg = Release|Any CPU
		{72937497-A06F-4DFE-98C5-64835EB560EE}.Release|x64.Build.0 = Release|Any CPU
		{72937497-A06F-4DFE-98C5-64835EB560EE}.Release|x86.ActiveCfg = Release|Any CPU
		{72937497-A06F-4DFE-98C5-64835EB560EE}.Release|x86.Build.0 = Release|Any CPU
		{09DCFFC5-556E-4DE4-9B20-018C4AB51FE6}.Ad-Hoc|Any CPU.ActiveCfg = Release|Any CPU
		{09DCFFC5-556E-4DE4-9B20-018C4AB51FE6}.Ad-Hoc|Any CPU.Build.0 = Release|Any CPU
		{09DCFFC5-556E-4DE4-9B20-018C4AB51FE6}.Ad-Hoc|ARM.ActiveCfg = Release|Any CPU
		{09DCFFC5-556E-4DE4-9B20-018C4AB51FE6}.Ad-Hoc|ARM.Build.0 = Release|Any CPU
		{09DCFFC5-556E-4DE4-9B20-018C4AB51FE6}.Ad-Hoc|iPhone.ActiveCfg = Release|Any CPU
		{09DCFFC5-556E-4DE4-9B20-018C4AB51FE6}.Ad-Hoc|iPhone.Build.0 = Release|Any CPU
		{09DCFFC5-556E-4DE4-9B20-018C4AB51FE6}.Ad-Hoc|iPhoneSimulator.ActiveCfg = Release|Any CPU
		{09DCFFC5-556E-4DE4-9B20-018C4AB51FE6}.Ad-Hoc|iPhoneSimulator.Build.0 = Release|Any CPU
		{09DCFFC5-556E-4DE4-9B20-018C4AB51FE6}.Ad-Hoc|x64.ActiveCfg = Release|Any CPU
		{09DCFFC5-556E-4DE4-9B20-018C4AB51FE6}.Ad-Hoc|x64.Build.0 = Release|Any CPU
		{09DCFFC5-556E-4DE4-9B20-018C4AB51FE6}.Ad-Hoc|x86.ActiveCfg = Release|Any CPU
		{09DCFFC5-556E-4DE4-9B20-018C4AB51FE6}.Ad-Hoc|x86.Build.0 = Release|Any CPU
		{09DCFFC5-556E-4DE4-9B20-018C4AB51FE6}.AppStore|Any CPU.ActiveCfg = Release|Any CPU
		{09DCFFC5-556E-4DE4-9B20-018C4AB51FE6}.AppStore|Any CPU.Build.0 = Release|Any CPU
		{09DCFFC5-556E-4DE4-9B20-018C4AB51FE6}.AppStore|ARM.ActiveCfg = Release|Any CPU
		{09DCFFC5-556E-4DE4-9B20-018C4AB51FE6}.AppStore|ARM.Build.0 = Release|Any CPU
		{09DCFFC5-556E-4DE4-9B20-018C4AB51FE6}.AppStore|iPhone.ActiveCfg = Release|Any CPU
		{09DCFFC5-556E-4DE4-9B20-018C4AB51FE6}.AppStore|iPhone.Build.0 = Release|Any CPU
		{09DCFFC5-556E-4DE4-9B20-018C4AB51FE6}.AppStore|iPhoneSimulator.ActiveCfg = Release|Any CPU
		{09DCFFC5-556E-4DE4-9B20-018C4AB51FE6}.AppStore|iPhoneSimulator.Build.0 = Release|Any CPU
		{09DCFFC5-556E-4DE4-9B20-018C4AB51FE6}.AppStore|x64.ActiveCfg = Release|Any CPU
		{09DCFFC5-556E-4DE4-9B20-018C4AB51FE6}.AppStore|x64.Build.0 = Release|Any CPU
		{09DCFFC5-556E-4DE4-9B20-018C4AB51FE6}.AppStore|x86.ActiveCfg = Release|Any CPU
		{09DCFFC5-556E-4DE4-9B20-018C4AB51FE6}.AppStore|x86.Build.0 = Release|Any CPU
		{09DCFFC5-556E-4DE4-9B20-018C4AB51FE6}.Debug|Any CPU.ActiveCfg = Debug|Any CPU
		{09DCFFC5-556E-4DE4-9B20-018C4AB51FE6}.Debug|Any CPU.Build.0 = Debug|Any CPU
		{09DCFFC5-556E-4DE4-9B20-018C4AB51FE6}.Debug|ARM.ActiveCfg = Debug|Any CPU
		{09DCFFC5-556E-4DE4-9B20-018C4AB51FE6}.Debug|ARM.Build.0 = Debug|Any CPU
		{09DCFFC5-556E-4DE4-9B20-018C4AB51FE6}.Debug|iPhone.ActiveCfg = Debug|Any CPU
		{09DCFFC5-556E-4DE4-9B20-018C4AB51FE6}.Debug|iPhone.Build.0 = Debug|Any CPU
		{09DCFFC5-556E-4DE4-9B20-018C4AB51FE6}.Debug|iPhoneSimulator.ActiveCfg = Debug|Any CPU
		{09DCFFC5-556E-4DE4-9B20-018C4AB51FE6}.Debug|iPhoneSimulator.Build.0 = Debug|Any CPU
		{09DCFFC5-556E-4DE4-9B20-018C4AB51FE6}.Debug|x64.ActiveCfg = Debug|Any CPU
		{09DCFFC5-556E-4DE4-9B20-018C4AB51FE6}.Debug|x64.Build.0 = Debug|Any CPU
		{09DCFFC5-556E-4DE4-9B20-018C4AB51FE6}.Debug|x86.ActiveCfg = Debug|Any CPU
		{09DCFFC5-556E-4DE4-9B20-018C4AB51FE6}.Debug|x86.Build.0 = Debug|Any CPU
		{09DCFFC5-556E-4DE4-9B20-018C4AB51FE6}.Release|Any CPU.ActiveCfg = Release|Any CPU
		{09DCFFC5-556E-4DE4-9B20-018C4AB51FE6}.Release|Any CPU.Build.0 = Release|Any CPU
		{09DCFFC5-556E-4DE4-9B20-018C4AB51FE6}.Release|ARM.ActiveCfg = Release|Any CPU
		{09DCFFC5-556E-4DE4-9B20-018C4AB51FE6}.Release|ARM.Build.0 = Release|Any CPU
		{09DCFFC5-556E-4DE4-9B20-018C4AB51FE6}.Release|iPhone.ActiveCfg = Release|Any CPU
		{09DCFFC5-556E-4DE4-9B20-018C4AB51FE6}.Release|iPhone.Build.0 = Release|Any CPU
		{09DCFFC5-556E-4DE4-9B20-018C4AB51FE6}.Release|iPhoneSimulator.ActiveCfg = Release|Any CPU
		{09DCFFC5-556E-4DE4-9B20-018C4AB51FE6}.Release|iPhoneSimulator.Build.0 = Release|Any CPU
		{09DCFFC5-556E-4DE4-9B20-018C4AB51FE6}.Release|x64.ActiveCfg = Release|Any CPU
		{09DCFFC5-556E-4DE4-9B20-018C4AB51FE6}.Release|x64.Build.0 = Release|Any CPU
		{09DCFFC5-556E-4DE4-9B20-018C4AB51FE6}.Release|x86.ActiveCfg = Release|Any CPU
		{09DCFFC5-556E-4DE4-9B20-018C4AB51FE6}.Release|x86.Build.0 = Release|Any CPU
	EndGlobalSection
	GlobalSection(SolutionProperties) = preSolution
		HideSolutionNode = FALSE
	EndGlobalSection
	GlobalSection(ExtensibilityGlobals) = postSolution
		SolutionGuid = {C83DFF7F-9272-4BEF-97F2-38769DF08BA1}
	EndGlobalSection
EndGlobal
